PODS:
  - AparajitaCapacitorBiometricAuth (9.1.2):
    - Capacitor
  - Capacitor (7.4.0):
    - CapacitorCordova
  - CapacitorApp (7.1.1):
    - Capacitor
  - CapacitorBrowser (7.0.3):
    - Capacitor
  - CapacitorCamera (7.0.3):
    - Capacitor
  - CapacitorCordova (7.4.0)
  - CapacitorDevice (7.0.3):
    - Capacitor
  - CapacitorFilesystem (7.1.6):
    - Capacitor
    - IONFilesystemLib (~> 1.0.1)
  - CapacitorFileViewer (1.0.6):
    - Capacitor
    - IONFileViewerLib (~> 1.0.3)
  - CapacitorGeolocation (7.1.7):
    - Capacitor
    - IONGeolocationLib (= 1.0.1)
  - CapacitorHaptics (7.0.1):
    - Capacitor
  - CapacitorKeyboard (7.0.1):
    - Capacitor
  - CapacitorNativeBiometric (0.0.1):
    - Capacitor
  - CapacitorPreferences (7.0.3):
    - Capacitor
  - CapacitorSecureStoragePlugin (0.11.0):
    - Capacitor
    - SwiftKeychainWrapper
  - CapacitorStatusBar (7.0.1):
    - Capacitor
  - IONFilesystemLib (1.0.1)
  - IONFileViewerLib (1.0.3)
  - IONGeolocationLib (1.0.1)
  - SwiftKeychainWrapper (4.0.1)

DEPENDENCIES:
  - "AparajitaCapacitorBiometricAuth (from `../../node_modules/@aparajita/capacitor-biometric-auth`)"
  - "Capacitor (from `../../node_modules/@capacitor/ios`)"
  - "CapacitorApp (from `../../node_modules/@capacitor/app`)"
  - "CapacitorBrowser (from `../../node_modules/@capacitor/browser`)"
  - "CapacitorCamera (from `../../node_modules/@capacitor/camera`)"
  - "CapacitorCordova (from `../../node_modules/@capacitor/ios`)"
  - "CapacitorDevice (from `../../node_modules/@capacitor/device`)"
  - "CapacitorFilesystem (from `../../node_modules/@capacitor/filesystem`)"
  - "CapacitorFileViewer (from `../../node_modules/@capacitor/file-viewer`)"
  - "CapacitorGeolocation (from `../../node_modules/@capacitor/geolocation`)"
  - "CapacitorHaptics (from `../../node_modules/@capacitor/haptics`)"
  - "CapacitorKeyboard (from `../../node_modules/@capacitor/keyboard`)"
  - CapacitorNativeBiometric (from `../../node_modules/capacitor-native-biometric`)
  - "CapacitorPreferences (from `../../node_modules/@capacitor/preferences`)"
  - CapacitorSecureStoragePlugin (from `../../node_modules/capacitor-secure-storage-plugin`)
  - "CapacitorStatusBar (from `../../node_modules/@capacitor/status-bar`)"

SPEC REPOS:
  trunk:
    - IONFilesystemLib
    - IONFileViewerLib
    - IONGeolocationLib
    - SwiftKeychainWrapper

EXTERNAL SOURCES:
  AparajitaCapacitorBiometricAuth:
    :path: "../../node_modules/@aparajita/capacitor-biometric-auth"
  Capacitor:
    :path: "../../node_modules/@capacitor/ios"
  CapacitorApp:
    :path: "../../node_modules/@capacitor/app"
  CapacitorBrowser:
    :path: "../../node_modules/@capacitor/browser"
  CapacitorCamera:
    :path: "../../node_modules/@capacitor/camera"
  CapacitorCordova:
    :path: "../../node_modules/@capacitor/ios"
  CapacitorDevice:
    :path: "../../node_modules/@capacitor/device"
  CapacitorFilesystem:
    :path: "../../node_modules/@capacitor/filesystem"
  CapacitorFileViewer:
    :path: "../../node_modules/@capacitor/file-viewer"
  CapacitorGeolocation:
    :path: "../../node_modules/@capacitor/geolocation"
  CapacitorHaptics:
    :path: "../../node_modules/@capacitor/haptics"
  CapacitorKeyboard:
    :path: "../../node_modules/@capacitor/keyboard"
  CapacitorNativeBiometric:
    :path: "../../node_modules/capacitor-native-biometric"
  CapacitorPreferences:
    :path: "../../node_modules/@capacitor/preferences"
  CapacitorSecureStoragePlugin:
    :path: "../../node_modules/capacitor-secure-storage-plugin"
  CapacitorStatusBar:
    :path: "../../node_modules/@capacitor/status-bar"

SPEC CHECKSUMS:
  AparajitaCapacitorBiometricAuth: 99cdefca494a247c5d728a66df21d6f0b02a658e
  Capacitor: a162db7c9c90f383740a78e8935dff4958158b6b
  CapacitorApp: 3ddbd30ac18c321531c3da5e707b60873d89dd60
  CapacitorBrowser: 66aa8ff09cdca2a327ce464b113b470e6f667753
  CapacitorCamera: 6ef67fd287de230ebd8cda05f2a7ffd44a48e568
  CapacitorCordova: 723e017d8a80ab2ede9959fbe37556c35ac860d5
  CapacitorDevice: acceaa3502f9a5edd446c96a451eb200d1ac6c03
  CapacitorFilesystem: 2267b9183bfecb9e5b8163b79685c9efb5ed0a09
  CapacitorFileViewer: 1b48fe864811229ea55dbdc7e804791b93d3f797
  CapacitorGeolocation: bcd9412a99fd542b585561238b210bd2b162b8f6
  CapacitorHaptics: 70e47470fa1a6bd6338cd102552e3846b7f9a1b3
  CapacitorKeyboard: 969647d0ca2e5c737d7300088e2517aa832434e2
  CapacitorNativeBiometric: b47637a8cd349bdac014424bb4ddcae9ee5d4919
  CapacitorPreferences: 688a15748e6fb91d52c7563e5f2df3be503dd694
  CapacitorSecureStoragePlugin: 8019bd11de7d5832a87c1bb320750dd6cef792d7
  CapacitorStatusBar: 275cbf2f4dfc00388f519ef80c7ec22edda342c9
  IONFilesystemLib: 89258b8e3e85465da93127d25d7ce37f977e8a6f
  IONFileViewerLib: 574758ebcaa4b1543669b1c9708f1970e1172b29
  IONGeolocationLib: 20f9d0248a0b5264511fb57a37e25dd2badf797a
  SwiftKeychainWrapper: 807ba1d63c33a7d0613288512399cd1eda1e470c

PODFILE CHECKSUM: 01ba2c11c6473e5ad35efc86471d11596fb4dae0

COCOAPODS: 1.14.2
